// !$*UTF8*$!
{
	archiveVersion = 1;
	classes = {
	};
	objectVersion = 56;
	objects = {

/* Begin PBXBuildFile section */
		92D2D72A296C15EB008BA685 /* MyMediumApp.swift in Sources */ = {isa = PBXBuildFile; fileRef = 92D2D729296C15EB008BA685 /* MyMediumApp.swift */; };
		92D2D72C296C15EB008BA685 /* ContentView.swift in Sources */ = {isa = PBXBuildFile; fileRef = 92D2D72B296C15EB008BA685 /* ContentView.swift */; };
		92D2D72E296C15ED008BA685 /* Assets.xcassets in Resources */ = {isa = PBXBuildFile; fileRef = 92D2D72D296C15ED008BA685 /* Assets.xcassets */; };
		92D2D731296C15ED008BA685 /* Preview Assets.xcassets in Resources */ = {isa = PBXBuildFile; fileRef = 92D2D730296C15ED008BA685 /* Preview Assets.xcassets */; };
		92D2D73A296C16B2008BA685 /* AppButton.swift in Sources */ = {isa = PBXBuildFile; fileRef = 92D2D739296C16B2008BA685 /* AppButton.swift */; };
		92D2D73C296C1735008BA685 /* AppInputBox.swift in Sources */ = {isa = PBXBuildFile; fileRef = 92D2D73B296C1735008BA685 /* AppInputBox.swift */; };
		92D2D73F296C1778008BA685 /* UIHelper.swift in Sources */ = {isa = PBXBuildFile; fileRef = 92D2D73E296C1778008BA685 /* UIHelper.swift */; };
		92D2D743296C1980008BA685 /* WelcomeScreen.swift in Sources */ = {isa = PBXBuildFile; fileRef = 92D2D742296C1980008BA685 /* WelcomeScreen.swift */; };
/* End PBXBuildFile section */

/* Begin PBXFileReference section */
		92D2D726296C15EB008BA685 /* MyMedium.app */ = {isa = PBXFileReference; explicitFileType = wrapper.application; includeInIndex = 0; path = MyMedium.app; sourceTree = BUILT_PRODUCTS_DIR; };
		92D2D729296C15EB008BA685 /* MyMediumApp.swift */ = {isa = PBXFileReference; lastKnownFileType = sourcecode.swift; path = MyMediumApp.swift; sourceTree = "<group>"; };
		92D2D72B296C15EB008BA685 /* ContentView.swift */ = {isa = PBXFileReference; lastKnownFileType = sourcecode.swift; path = ContentView.swift; sourceTree = "<group>"; };
		92D2D72D296C15ED008BA685 /* Assets.xcassets */ = {isa = PBXFileReference; lastKnownFileType = folder.assetcatalog; path = Assets.xcassets; sourceTree = "<group>"; };
		92D2D730296C15ED008BA685 /* Preview Assets.xcassets */ = {isa = PBXFileReference; lastKnownFileType = folder.assetcatalog; path = "Preview Assets.xcassets"; sourceTree = "<group>"; };
		92D2D739296C16B2008BA685 /* AppButton.swift */ = {isa = PBXFileReference; lastKnownFileType = sourcecode.swift; path = AppButton.swift; sourceTree = "<group>"; };
		92D2D73B296C1735008BA685 /* AppInputBox.swift */ = {isa = PBXFileReference; lastKnownFileType = sourcecode.swift; path = AppInputBox.swift; sourceTree = "<group>"; };
		92D2D73E296C1778008BA685 /* UIHelper.swift */ = {isa = PBXFileReference; lastKnownFileType = sourcecode.swift; path = UIHelper.swift; sourceTree = "<group>"; };
		92D2D742296C1980008BA685 /* WelcomeScreen.swift */ = {isa = PBXFileReference; lastKnownFileType = sourcecode.swift; path = WelcomeScreen.swift; sourceTree = "<group>"; };
/* End PBXFileReference section */

/* Begin PBXFrameworksBuildPhase section */
		92D2D723296C15EB008BA685 /* Frameworks */ = {
			isa = PBXFrameworksBuildPhase;
			buildActionMask = 2147483647;
			files = (
			);
			runOnlyForDeploymentPostprocessing = 0;
		};
/* End PBXFrameworksBuildPhase section */

/* Begin PBXGroup section */
		92D2D71D296C15EB008BA685 = {
			isa = PBXGroup;
			children = (
				92D2D728296C15EB008BA685 /* MyMedium */,
				92D2D727296C15EB008BA685 /* Products */,
			);
			sourceTree = "<group>";
		};
		92D2D727296C15EB008BA685 /* Products */ = {
			isa = PBXGroup;
			children = (
				92D2D726296C15EB008BA685 /* MyMedium.app */,
			);
			name = Products;
			sourceTree = "<group>";
		};
		92D2D728296C15EB008BA685 /* MyMedium */ = {
			isa = PBXGroup;
			children = (
				92D2D73D296C1765008BA685 /* Helper */,
				92D2D738296C168D008BA685 /* Views */,
				92D2D737296C167E008BA685 /* App */,
				92D2D72D296C15ED008BA685 /* Assets.xcassets */,
				92D2D72F296C15ED008BA685 /* Preview Content */,
			);
			path = MyMedium;
			sourceTree = "<group>";
		};
		92D2D72F296C15ED008BA685 /* Preview Content */ = {
			isa = PBXGroup;
			children = (
				92D2D730296C15ED008BA685 /* Preview Assets.xcassets */,
			);
			path = "Preview Content";
			sourceTree = "<group>";
		};
		92D2D737296C167E008BA685 /* App */ = {
			isa = PBXGroup;
			children = (
				92D2D740296C1950008BA685 /* Screens */,
				92D2D729296C15EB008BA685 /* MyMediumApp.swift */,
				92D2D72B296C15EB008BA685 /* ContentView.swift */,
			);
			path = App;
			sourceTree = "<group>";
		};
		92D2D738296C168D008BA685 /* Views */ = {
			isa = PBXGroup;
			children = (
				92D2D739296C16B2008BA685 /* AppButton.swift */,
				92D2D73B296C1735008BA685 /* AppInputBox.swift */,
			);
			path = Views;
			sourceTree = "<group>";
		};
		92D2D73D296C1765008BA685 /* Helper */ = {
			isa = PBXGroup;
			children = (
				92D2D73E296C1778008BA685 /* UIHelper.swift */,
			);
			path = Helper;
			sourceTree = "<group>";
		};
		92D2D740296C1950008BA685 /* Screens */ = {
			isa = PBXGroup;
			children = (
				92D2D741296C1967008BA685 /* Welcome */,
			);
			path = Screens;
			sourceTree = "<group>";
		};
		92D2D741296C1967008BA685 /* Welcome */ = {
			isa = PBXGroup;
			children = (
				92D2D742296C1980008BA685 /* WelcomeScreen.swift */,
			);
			path = Welcome;
			sourceTree = "<group>";
		};
/* End PBXGroup section */

/* Begin PBXNativeTarget section */
		92D2D725296C15EB008BA685 /* MyMedium */ = {
			isa = PBXNativeTarget;
			buildConfigurationList = 92D2D734296C15ED008BA685 /* Build configuration list for PBXNativeTarget "MyMedium" */;
			buildPhases = (
				92D2D722296C15EB008BA685 /* Sources */,
				92D2D723296C15EB008BA685 /* Frameworks */,
				92D2D724296C15EB008BA685 /* Resources */,
			);
			buildRules = (
			);
			dependencies = (
			);
			name = MyMedium;
			productName = MyMedium;
			productReference = 92D2D726296C15EB008BA685 /* MyMedium.app */;
			productType = "com.apple.product-type.application";
		};
/* End PBXNativeTarget section */

/* Begin PBXProject section */
		92D2D71E296C15EB008BA685 /* Project object */ = {
			isa = PBXProject;
			attributes = {
				BuildIndependentTargetsInParallel = 1;
				LastSwiftUpdateCheck = 1410;
				LastUpgradeCheck = 1410;
				TargetAttributes = {
					92D2D725296C15EB008BA685 = {
						CreatedOnToolsVersion = 14.1;
					};
				};
			};
			buildConfigurationList = 92D2D721296C15EB008BA685 /* Build configuration list for PBXProject "MyMedium" */;
			compatibilityVersion = "Xcode 14.0";
			developmentRegion = en;
			hasScannedForEncodings = 0;
			knownRegions = (
				en,
				Base,
			);
			mainGroup = 92D2D71D296C15EB008BA685;
			productRefGroup = 92D2D727296C15EB008BA685 /* Products */;
			projectDirPath = "";
			projectRoot = "";
			targets = (
				92D2D725296C15EB008BA685 /* MyMedium */,
			);
		};
/* End PBXProject section */

/* Begin PBXResourcesBuildPhase section */
		92D2D724296C15EB008BA685 /* Resources */ = {
			isa = PBXResourcesBuildPhase;
			buildActionMask = 2147483647;
			files = (
				92D2D731296C15ED008BA685 /* Preview Assets.xcassets in Resources */,
				92D2D72E296C15ED008BA685 /* Assets.xcassets in Resources */,
			);
			runOnlyForDeploymentPostprocessing = 0;
		};
/* End PBXResourcesBuildPhase section */

/* Begin PBXSourcesBuildPhase section */
		92D2D722296C15EB008BA685 /* Sources */ = {
			isa = PBXSourcesBuildPhase;
			buildActionMask = 2147483647;
			files = (
				92D2D743296C1980008BA685 /* WelcomeScreen.swift in Sources */,
				92D2D73A296C16B2008BA685 /* AppButton.swift in Sources */,
				92D2D72C296C15EB008BA685 /* ContentView.swift in Sources */,
				92D2D73C296C1735008BA685 /* AppInputBox.swift in Sources */,
				92D2D73F296C1778008BA685 /* UIHelper.swift in Sources */,
				92D2D72A296C15EB008BA685 /* MyMediumApp.swift in Sources */,
			);
			runOnlyForDeploymentPostprocessing = 0;
		};
/* End PBXSourcesBuildPhase section */

/* Begin XCBuildConfiguration section */
		92D2D732296C15ED008BA685 /* Debug */ = {
			isa = XCBuildConfiguration;
			buildSettings = {
				ALWAYS_SEARCH_USER_PATHS = NO;
				CLANG_ANALYZER_NONNULL = YES;
				CLANG_ANALYZER_NUMBER_OBJECT_CONVERSION = YES_AGGRESSIVE;
				CLANG_CXX_LANGUAGE_STANDARD = "gnu++20";
				CLANG_ENABLE_MODULES = YES;
				CLANG_ENABLE_OBJC_ARC = YES;
				CLANG_ENABLE_OBJC_WEAK = YES;
				CLANG_WARN_BLOCK_CAPTURE_AUTORELEASING = YES;
				CLANG_WARN_BOOL_CONVERSION = YES;
				CLANG_WARN_COMMA = YES;
				CLANG_WARN_CONSTANT_CONVERSION = YES;
				CLANG_WARN_DEPRECATED_OBJC_IMPLEMENTATIONS = YES;
				CLANG_WARN_DIRECT_OBJC_ISA_USAGE = YES_ERROR;
				CLANG_WARN_DOCUMENTATION_COMMENTS = YES;
				CLANG_WARN_EMPTY_BODY = YES;
				CLANG_WARN_ENUM_CONVERSION = YES;
				CLANG_WARN_INFINITE_RECURSION = YES;
				CLANG_WARN_INT_CONVERSION = YES;
				CLANG_WARN_NON_LITERAL_NULL_CONVERSION = YES;
				CLANG_WARN_OBJC_IMPLICIT_RETAIN_SELF = YES;
				CLANG_WARN_OBJC_LITERAL_CONVERSION = YES;
				CLANG_WARN_OBJC_ROOT_CLASS = YES_ERROR;
				CLANG_WARN_QUOTED_INCLUDE_IN_FRAMEWORK_HEADER = YES;
				CLANG_WARN_RANGE_LOOP_ANALYSIS = YES;
				CLANG_WARN_STRICT_PROTOTYPES = YES;
				CLANG_WARN_SUSPICIOUS_MOVE = YES;
				CLANG_WARN_UNGUARDED_AVAILABILITY = YES_AGGRESSIVE;
				CLANG_WARN_UNREACHABLE_CODE = YES;
				CLANG_WARN__DUPLICATE_METHOD_MATCH = YES;
				COPY_PHASE_STRIP = NO;
				DEBUG_INFORMATION_FORMAT = dwarf;
				ENABLE_STRICT_OBJC_MSGSEND = YES;
				ENABLE_TESTABILITY = YES;
				GCC_C_LANGUAGE_STANDARD = gnu11;
				GCC_DYNAMIC_NO_PIC = NO;
				GCC_NO_COMMON_BLOCKS = YES;
				GCC_OPTIMIZATION_LEVEL = 0;
				GCC_PREPROCESSOR_DEFINITIONS = (
					"DEBUG=1",
					"$(inherited)",
				);
				GCC_WARN_64_TO_32_BIT_CONVERSION = YES;
				GCC_WARN_ABOUT_RETURN_TYPE = YES_ERROR;
				GCC_WARN_UNDECLARED_SELECTOR = YES;
				GCC_WARN_UNINITIALIZED_AUTOS = YES_AGGRESSIVE;
				GCC_WARN_UNUSED_FUNCTION = YES;
				GCC_WARN_UNUSED_VARIABLE = YES;
				IPHONEOS_DEPLOYMENT_TARGET = 16.1;
				MTL_ENABLE_DEBUG_INFO = INCLUDE_SOURCE;
				MTL_FAST_MATH = YES;
				ONLY_ACTIVE_ARCH = YES;
				SDKROOT = iphoneos;
				SWIFT_ACTIVE_COMPILATION_CONDITIONS = DEBUG;
				SWIFT_OPTIMIZATION_LEVEL = "-Onone";
			};
			name = Debug;
		};
		92D2D733296C15ED008BA685 /* Release */ = {
			isa = XCBuildConfiguration;
			buildSettings = {
				ALWAYS_SEARCH_USER_PATHS = NO;
				CLANG_ANALYZER_NONNULL = YES;
				CLANG_ANALYZER_NUMBER_OBJECT_CONVERSION = YES_AGGRESSIVE;
				CLANG_CXX_LANGUAGE_STANDARD = "gnu++20";
				CLANG_ENABLE_MODULES = YES;
				CLANG_ENABLE_OBJC_ARC = YES;
				CLANG_ENABLE_OBJC_WEAK = YES;
				CLANG_WARN_BLOCK_CAPTURE_AUTORELEASING = YES;
				CLANG_WARN_BOOL_CONVERSION = YES;
				CLANG_WARN_COMMA = YES;
				CLANG_WARN_CONSTANT_CONVERSION = YES;
				CLANG_WARN_DEPRECATED_OBJC_IMPLEMENTATIONS = YES;
				CLANG_WARN_DIRECT_OBJC_ISA_USAGE = YES_ERROR;
				CLANG_WARN_DOCUMENTATION_COMMENTS = YES;
				CLANG_WARN_EMPTY_BODY = YES;
				CLANG_WARN_ENUM_CONVERSION = YES;
				CLANG_WARN_INFINITE_RECURSION = YES;
				CLANG_WARN_INT_CONVERSION = YES;
				CLANG_WARN_NON_LITERAL_NULL_CONVERSION = YES;
				CLANG_WARN_OBJC_IMPLICIT_RETAIN_SELF = YES;
				CLANG_WARN_OBJC_LITERAL_CONVERSION = YES;
				CLANG_WARN_OBJC_ROOT_CLASS = YES_ERROR;
				CLANG_WARN_QUOTED_INCLUDE_IN_FRAMEWORK_HEADER = YES;
				CLANG_WARN_RANGE_LOOP_ANALYSIS = YES;
				CLANG_WARN_STRICT_PROTOTYPES = YES;
				CLANG_WARN_SUSPICIOUS_MOVE = YES;
				CLANG_WARN_UNGUARDED_AVAILABILITY = YES_AGGRESSIVE;
				CLANG_WARN_UNREACHABLE_CODE = YES;
				CLANG_WARN__DUPLICATE_METHOD_MATCH = YES;
				COPY_PHASE_STRIP = NO;
				DEBUG_INFORMATION_FORMAT = "dwarf-with-dsym";
				ENABLE_NS_ASSERTIONS = NO;
				ENABLE_STRICT_OBJC_MSGSEND = YES;
				GCC_C_LANGUAGE_STANDARD = gnu11;
				GCC_NO_COMMON_BLOCKS = YES;
				GCC_WARN_64_TO_32_BIT_CONVERSION = YES;
				GCC_WARN_ABOUT_RETURN_TYPE = YES_ERROR;
				GCC_WARN_UNDECLARED_SELECTOR = YES;
				GCC_WARN_UNINITIALIZED_AUTOS = YES_AGGRESSIVE;
				GCC_WARN_UNUSED_FUNCTION = YES;
				GCC_WARN_UNUSED_VARIABLE = YES;
				IPHONEOS_DEPLOYMENT_TARGET = 16.1;
				MTL_ENABLE_DEBUG_INFO = NO;
				MTL_FAST_MATH = YES;
				SDKROOT = iphoneos;
				SWIFT_COMPILATION_MODE = wholemodule;
				SWIFT_OPTIMIZATION_LEVEL = "-O";
				VALIDATE_PRODUCT = YES;
			};
			name = Release;
		};
		92D2D735296C15ED008BA685 /* Debug */ = {
			isa = XCBuildConfiguration;
			buildSettings = {
				ASSETCATALOG_COMPILER_APPICON_NAME = AppIcon;
				ASSETCATALOG_COMPILER_GLOBAL_ACCENT_COLOR_NAME = AccentColor;
				CODE_SIGN_STYLE = Automatic;
				CURRENT_PROJECT_VERSION = 1;
				DEVELOPMENT_ASSET_PATHS = "\"MyMedium/Preview Content\"";
				ENABLE_PREVIEWS = YES;
				GENERATE_INFOPLIST_FILE = YES;
				INFOPLIST_KEY_UIApplicationSceneManifest_Generation = YES;
				INFOPLIST_KEY_UIApplicationSupportsIndirectInputEvents = YES;
				INFOPLIST_KEY_UILaunchScreen_Generation = YES;
				INFOPLIST_KEY_UISupportedInterfaceOrientations_iPad = "UIInterfaceOrientationPortrait UIInterfaceOrientationPortraitUpsideDown UIInterfaceOrientationLandscapeLeft UIInterfaceOrientationLandscapeRight";
				INFOPLIST_KEY_UISupportedInterfaceOrientations_iPhone = "UIInterfaceOrientationPortrait UIInterfaceOrientationLandscapeLeft UIInterfaceOrientationLandscapeRight";
				LD_RUNPATH_SEARCH_PATHS = (
					"$(inherited)",
					"@executable_path/Frameworks",
				);
				MARKETING_VERSION = 1.0;
				PRODUCT_BUNDLE_IDENTIFIER = com.girish.MyMedium;
				PRODUCT_NAME = "$(TARGET_NAME)";
				SWIFT_EMIT_LOC_STRINGS = YES;
				SWIFT_VERSION = 5.0;
				TARGETED_DEVICE_FAMILY = "1,2";
			};
			name = Debug;
		};
		92D2D736296C15ED008BA685 /* Release */ = {
			isa = XCBuildConfiguration;
			buildSettings = {
				ASSETCATALOG_COMPILER_APPICON_NAME = AppIcon;
				ASSETCATALOG_COMPILER_GLOBAL_ACCENT_COLOR_NAME = AccentColor;
				CODE_SIGN_STYLE = Automatic;
				CURRENT_PROJECT_VERSION = 1;
				DEVELOPMENT_ASSET_PATHS = "\"MyMedium/Preview Content\"";
				ENABLE_PREVIEWS = YES;
				GENERATE_INFOPLIST_FILE = YES;
				INFOPLIST_KEY_UIApplicationSceneManifest_Generation = YES;
				INFOPLIST_KEY_UIApplicationSupportsIndirectInputEvents = YES;
				INFOPLIST_KEY_UILaunchScreen_Generation = YES;
				INFOPLIST_KEY_UISupportedInterfaceOrientations_iPad = "UIInterfaceOrientationPortrait UIInterfaceOrientationPortraitUpsideDown UIInterfaceOrientationLandscapeLeft UIInterfaceOrientationLandscapeRight";
				INFOPLIST_KEY_UISupportedInterfaceOrientations_iPhone = "UIInterfaceOrientationPortrait UIInterfaceOrientationLandscapeLeft UIInterfaceOrientationLandscapeRight";
				LD_RUNPATH_SEARCH_PATHS = (
					"$(inherited)",
					"@executable_path/Frameworks",
				);
				MARKETING_VERSION = 1.0;
				PRODUCT_BUNDLE_IDENTIFIER = com.girish.MyMedium;
				PRODUCT_NAME = "$(TARGET_NAME)";
				SWIFT_EMIT_LOC_STRINGS = YES;
				SWIFT_VERSION = 5.0;
				TARGETED_DEVICE_FAMILY = "1,2";
			};
			name = Release;
		};
/* End XCBuildConfiguration section */

/* Begin XCConfigurationList section */
		92D2D721296C15EB008BA685 /* Build configuration list for PBXProject "MyMedium" */ = {
			isa = XCConfigurationList;
			buildConfigurations = (
				92D2D732296C15ED008BA685 /* Debug */,
				92D2D733296C15ED008BA685 /* Release */,
			);
			defaultConfigurationIsVisible = 0;
			defaultConfigurationName = Release;
		};
		92D2D734296C15ED008BA685 /* Build configuration list for PBXNativeTarget "MyMedium" */ = {
			isa = XCConfigurationList;
			buildConfigurations = (
				92D2D735296C15ED008BA685 /* Debug */,
				92D2D736296C15ED008BA685 /* Release */,
			);
			defaultConfigurationIsVisible = 0;
			defaultConfigurationName = Release;
		};
/* End XCConfigurationList section */
	};
	rootObject = 92D2D71E296C15EB008BA685 /* Project object */;
}
