// !$*UTF8*$!
{
	archiveVersion = 1;
	classes = {
	};
	objectVersion = 56;
	objects = {

/* Begin PBXBuildFile section */
		9205B2C029768F7A004541EA /* FeedScreen.swift in Sources */ = {isa = PBXBuildFile; fileRef = 9205B2BF29768F7A004541EA /* FeedScreen.swift */; };
		9205B2C429769B2A004541EA /* ProfileScreen.swift in Sources */ = {isa = PBXBuildFile; fileRef = 9205B2C329769B2A004541EA /* ProfileScreen.swift */; };
		9205B2C72976C9A7004541EA /* CreateArticleScreen.swift in Sources */ = {isa = PBXBuildFile; fileRef = 9205B2C62976C9A7004541EA /* CreateArticleScreen.swift */; };
		92203B0E296E8F2C00A15F60 /* Helper.swift in Sources */ = {isa = PBXBuildFile; fileRef = 92203B0D296E8F2C00A15F60 /* Helper.swift */; };
		924B469D296D44050070AC14 /* PulsateCircle.swift in Sources */ = {isa = PBXBuildFile; fileRef = 924B469C296D44050070AC14 /* PulsateCircle.swift */; };
		92594903296D6DA20029B2C1 /* CreateAccountScreen.swift in Sources */ = {isa = PBXBuildFile; fileRef = 92594902296D6DA20029B2C1 /* CreateAccountScreen.swift */; };
		92594907296D733D0029B2C1 /* NavModal.swift in Sources */ = {isa = PBXBuildFile; fileRef = 92594906296D733D0029B2C1 /* NavModal.swift */; };
		92594909296D83300029B2C1 /* AppConst.swift in Sources */ = {isa = PBXBuildFile; fileRef = 92594908296D83300029B2C1 /* AppConst.swift */; };
		92611DA5297166F5009D8AA9 /* SwiftyJSON in Frameworks */ = {isa = PBXBuildFile; productRef = 92611DA4297166F5009D8AA9 /* SwiftyJSON */; };
		92D2D72A296C15EB008BA685 /* MyMediumApp.swift in Sources */ = {isa = PBXBuildFile; fileRef = 92D2D729296C15EB008BA685 /* MyMediumApp.swift */; };
		92D2D72C296C15EB008BA685 /* ContentView.swift in Sources */ = {isa = PBXBuildFile; fileRef = 92D2D72B296C15EB008BA685 /* ContentView.swift */; };
		92D2D72E296C15ED008BA685 /* Assets.xcassets in Resources */ = {isa = PBXBuildFile; fileRef = 92D2D72D296C15ED008BA685 /* Assets.xcassets */; };
		92D2D731296C15ED008BA685 /* Preview Assets.xcassets in Resources */ = {isa = PBXBuildFile; fileRef = 92D2D730296C15ED008BA685 /* Preview Assets.xcassets */; };
		92D2D73A296C16B2008BA685 /* AppButton.swift in Sources */ = {isa = PBXBuildFile; fileRef = 92D2D739296C16B2008BA685 /* AppButton.swift */; };
		92D2D73C296C1735008BA685 /* AppInputBox.swift in Sources */ = {isa = PBXBuildFile; fileRef = 92D2D73B296C1735008BA685 /* AppInputBox.swift */; };
		92D2D73F296C1778008BA685 /* UIHelper.swift in Sources */ = {isa = PBXBuildFile; fileRef = 92D2D73E296C1778008BA685 /* UIHelper.swift */; };
		92D2D743296C1980008BA685 /* WelcomeScreen.swift in Sources */ = {isa = PBXBuildFile; fileRef = 92D2D742296C1980008BA685 /* WelcomeScreen.swift */; };
		92EBBBCF2975512D006E34EE /* HomeScreen.swift in Sources */ = {isa = PBXBuildFile; fileRef = 92EBBBCE2975512D006E34EE /* HomeScreen.swift */; };
		92EBBBD2297557A3006E34EE /* TrandingArticleScreen.swift in Sources */ = {isa = PBXBuildFile; fileRef = 92EBBBD1297557A3006E34EE /* TrandingArticleScreen.swift */; };
		92EBBBD429755DC3006E34EE /* AppNetworkImage.swift in Sources */ = {isa = PBXBuildFile; fileRef = 92EBBBD329755DC3006E34EE /* AppNetworkImage.swift */; };
		92EBBBD62975612E006E34EE /* ChipView.swift in Sources */ = {isa = PBXBuildFile; fileRef = 92EBBBD52975612E006E34EE /* ChipView.swift */; };
		92EBBBD92975619E006E34EE /* ArticleRow.swift in Sources */ = {isa = PBXBuildFile; fileRef = 92EBBBD82975619E006E34EE /* ArticleRow.swift */; };
		92EBBBDC29756CBE006E34EE /* ArticleApiEndpoint.swift in Sources */ = {isa = PBXBuildFile; fileRef = 92EBBBDB29756CBE006E34EE /* ArticleApiEndpoint.swift */; };
		92EBBBDE29756D32006E34EE /* ArticleServices.swift in Sources */ = {isa = PBXBuildFile; fileRef = 92EBBBDD29756D32006E34EE /* ArticleServices.swift */; };
		92EBBBE129756EB9006E34EE /* Articles.swift in Sources */ = {isa = PBXBuildFile; fileRef = 92EBBBE029756EB9006E34EE /* Articles.swift */; };
		92FD151F296EC1B400C8AE0E /* Alamofire in Frameworks */ = {isa = PBXBuildFile; productRef = 92FD151E296EC1B400C8AE0E /* Alamofire */; };
		92FD1524296EC41100C8AE0E /* ApiError.swift in Sources */ = {isa = PBXBuildFile; fileRef = 92FD1523296EC41100C8AE0E /* ApiError.swift */; };
		92FD1527296EC45000C8AE0E /* AuthApiEndpoint.swift in Sources */ = {isa = PBXBuildFile; fileRef = 92FD1526296EC45000C8AE0E /* AuthApiEndpoint.swift */; };
		92FD1529296EC47600C8AE0E /* AuthServices.swift in Sources */ = {isa = PBXBuildFile; fileRef = 92FD1528296EC47600C8AE0E /* AuthServices.swift */; };
		92FD152B296EC59400C8AE0E /* RestAPIClient.swift in Sources */ = {isa = PBXBuildFile; fileRef = 92FD152A296EC59400C8AE0E /* RestAPIClient.swift */; };
		92FD152F296EC71C00C8AE0E /* AuthModal.swift in Sources */ = {isa = PBXBuildFile; fileRef = 92FD152E296EC71C00C8AE0E /* AuthModal.swift */; };
		92FD1532296ECBAE00C8AE0E /* AlertViewModel.swift in Sources */ = {isa = PBXBuildFile; fileRef = 92FD1531296ECBAE00C8AE0E /* AlertViewModel.swift */; };
		92FD1535296ED1EC00C8AE0E /* AlertToast in Frameworks */ = {isa = PBXBuildFile; productRef = 92FD1534296ED1EC00C8AE0E /* AlertToast */; };
		92FD1537296ED6E000C8AE0E /* AuthViewModal.swift in Sources */ = {isa = PBXBuildFile; fileRef = 92FD1536296ED6E000C8AE0E /* AuthViewModal.swift */; };
/* End PBXBuildFile section */

/* Begin PBXFileReference section */
		9205B2BF29768F7A004541EA /* FeedScreen.swift */ = {isa = PBXFileReference; lastKnownFileType = sourcecode.swift; path = FeedScreen.swift; sourceTree = "<group>"; };
		9205B2C329769B2A004541EA /* ProfileScreen.swift */ = {isa = PBXFileReference; lastKnownFileType = sourcecode.swift; path = ProfileScreen.swift; sourceTree = "<group>"; };
		9205B2C62976C9A7004541EA /* CreateArticleScreen.swift */ = {isa = PBXFileReference; lastKnownFileType = sourcecode.swift; path = CreateArticleScreen.swift; sourceTree = "<group>"; };
		92203B0D296E8F2C00A15F60 /* Helper.swift */ = {isa = PBXFileReference; lastKnownFileType = sourcecode.swift; path = Helper.swift; sourceTree = "<group>"; };
		924B469C296D44050070AC14 /* PulsateCircle.swift */ = {isa = PBXFileReference; lastKnownFileType = sourcecode.swift; path = PulsateCircle.swift; sourceTree = "<group>"; };
		92594902296D6DA20029B2C1 /* CreateAccountScreen.swift */ = {isa = PBXFileReference; lastKnownFileType = sourcecode.swift; path = CreateAccountScreen.swift; sourceTree = "<group>"; };
		92594906296D733D0029B2C1 /* NavModal.swift */ = {isa = PBXFileReference; lastKnownFileType = sourcecode.swift; path = NavModal.swift; sourceTree = "<group>"; };
		92594908296D83300029B2C1 /* AppConst.swift */ = {isa = PBXFileReference; lastKnownFileType = sourcecode.swift; path = AppConst.swift; sourceTree = "<group>"; };
		92D2D726296C15EB008BA685 /* MyMedium.app */ = {isa = PBXFileReference; explicitFileType = wrapper.application; includeInIndex = 0; path = MyMedium.app; sourceTree = BUILT_PRODUCTS_DIR; };
		92D2D729296C15EB008BA685 /* MyMediumApp.swift */ = {isa = PBXFileReference; lastKnownFileType = sourcecode.swift; path = MyMediumApp.swift; sourceTree = "<group>"; };
		92D2D72B296C15EB008BA685 /* ContentView.swift */ = {isa = PBXFileReference; lastKnownFileType = sourcecode.swift; path = ContentView.swift; sourceTree = "<group>"; };
		92D2D72D296C15ED008BA685 /* Assets.xcassets */ = {isa = PBXFileReference; lastKnownFileType = folder.assetcatalog; path = Assets.xcassets; sourceTree = "<group>"; };
		92D2D730296C15ED008BA685 /* Preview Assets.xcassets */ = {isa = PBXFileReference; lastKnownFileType = folder.assetcatalog; path = "Preview Assets.xcassets"; sourceTree = "<group>"; };
		92D2D739296C16B2008BA685 /* AppButton.swift */ = {isa = PBXFileReference; lastKnownFileType = sourcecode.swift; path = AppButton.swift; sourceTree = "<group>"; };
		92D2D73B296C1735008BA685 /* AppInputBox.swift */ = {isa = PBXFileReference; lastKnownFileType = sourcecode.swift; path = AppInputBox.swift; sourceTree = "<group>"; };
		92D2D73E296C1778008BA685 /* UIHelper.swift */ = {isa = PBXFileReference; lastKnownFileType = sourcecode.swift; path = UIHelper.swift; sourceTree = "<group>"; };
		92D2D742296C1980008BA685 /* WelcomeScreen.swift */ = {isa = PBXFileReference; lastKnownFileType = sourcecode.swift; path = WelcomeScreen.swift; sourceTree = "<group>"; };
		92EBBBCE2975512D006E34EE /* HomeScreen.swift */ = {isa = PBXFileReference; lastKnownFileType = sourcecode.swift; path = HomeScreen.swift; sourceTree = "<group>"; };
		92EBBBD1297557A3006E34EE /* TrandingArticleScreen.swift */ = {isa = PBXFileReference; lastKnownFileType = sourcecode.swift; path = TrandingArticleScreen.swift; sourceTree = "<group>"; };
		92EBBBD329755DC3006E34EE /* AppNetworkImage.swift */ = {isa = PBXFileReference; lastKnownFileType = sourcecode.swift; path = AppNetworkImage.swift; sourceTree = "<group>"; };
		92EBBBD52975612E006E34EE /* ChipView.swift */ = {isa = PBXFileReference; lastKnownFileType = sourcecode.swift; path = ChipView.swift; sourceTree = "<group>"; };
		92EBBBD82975619E006E34EE /* ArticleRow.swift */ = {isa = PBXFileReference; lastKnownFileType = sourcecode.swift; path = ArticleRow.swift; sourceTree = "<group>"; };
		92EBBBDB29756CBE006E34EE /* ArticleApiEndpoint.swift */ = {isa = PBXFileReference; lastKnownFileType = sourcecode.swift; path = ArticleApiEndpoint.swift; sourceTree = "<group>"; };
		92EBBBDD29756D32006E34EE /* ArticleServices.swift */ = {isa = PBXFileReference; lastKnownFileType = sourcecode.swift; path = ArticleServices.swift; sourceTree = "<group>"; };
		92EBBBE029756EB9006E34EE /* Articles.swift */ = {isa = PBXFileReference; lastKnownFileType = sourcecode.swift; path = Articles.swift; sourceTree = "<group>"; };
		92FD1523296EC41100C8AE0E /* ApiError.swift */ = {isa = PBXFileReference; lastKnownFileType = sourcecode.swift; path = ApiError.swift; sourceTree = "<group>"; };
		92FD1526296EC45000C8AE0E /* AuthApiEndpoint.swift */ = {isa = PBXFileReference; lastKnownFileType = sourcecode.swift; path = AuthApiEndpoint.swift; sourceTree = "<group>"; };
		92FD1528296EC47600C8AE0E /* AuthServices.swift */ = {isa = PBXFileReference; lastKnownFileType = sourcecode.swift; path = AuthServices.swift; sourceTree = "<group>"; };
		92FD152A296EC59400C8AE0E /* RestAPIClient.swift */ = {isa = PBXFileReference; lastKnownFileType = sourcecode.swift; path = RestAPIClient.swift; sourceTree = "<group>"; };
		92FD152E296EC71C00C8AE0E /* AuthModal.swift */ = {isa = PBXFileReference; lastKnownFileType = sourcecode.swift; path = AuthModal.swift; sourceTree = "<group>"; };
		92FD1531296ECBAE00C8AE0E /* AlertViewModel.swift */ = {isa = PBXFileReference; lastKnownFileType = sourcecode.swift; path = AlertViewModel.swift; sourceTree = "<group>"; };
		92FD1536296ED6E000C8AE0E /* AuthViewModal.swift */ = {isa = PBXFileReference; lastKnownFileType = sourcecode.swift; path = AuthViewModal.swift; sourceTree = "<group>"; };
/* End PBXFileReference section */

/* Begin PBXFrameworksBuildPhase section */
		92D2D723296C15EB008BA685 /* Frameworks */ = {
			isa = PBXFrameworksBuildPhase;
			buildActionMask = 2147483647;
			files = (
				92611DA5297166F5009D8AA9 /* SwiftyJSON in Frameworks */,
				92FD151F296EC1B400C8AE0E /* Alamofire in Frameworks */,
				92FD1535296ED1EC00C8AE0E /* AlertToast in Frameworks */,
			);
			runOnlyForDeploymentPostprocessing = 0;
		};
/* End PBXFrameworksBuildPhase section */

/* Begin PBXGroup section */
		9205B2BE29768615004541EA /* Feeds */ = {
			isa = PBXGroup;
			children = (
				9205B2BF29768F7A004541EA /* FeedScreen.swift */,
			);
			path = Feeds;
			sourceTree = "<group>";
		};
		9205B2C129769AE6004541EA /* TrandingArticle */ = {
			isa = PBXGroup;
			children = (
				92EBBBD1297557A3006E34EE /* TrandingArticleScreen.swift */,
			);
			path = TrandingArticle;
			sourceTree = "<group>";
		};
		9205B2C229769B09004541EA /* Profile */ = {
			isa = PBXGroup;
			children = (
				9205B2C329769B2A004541EA /* ProfileScreen.swift */,
			);
			path = Profile;
			sourceTree = "<group>";
		};
		9205B2C52976C7F9004541EA /* CreateArticle */ = {
			isa = PBXGroup;
			children = (
				9205B2C62976C9A7004541EA /* CreateArticleScreen.swift */,
			);
			path = CreateArticle;
			sourceTree = "<group>";
		};
		92594904296D6DA70029B2C1 /* CreateAccont */ = {
			isa = PBXGroup;
			children = (
				92594902296D6DA20029B2C1 /* CreateAccountScreen.swift */,
			);
			path = CreateAccont;
			sourceTree = "<group>";
		};
		92594905296D73280029B2C1 /* Modal */ = {
			isa = PBXGroup;
			children = (
				92EBBBDF29756DAD006E34EE /* ArticleModal */,
				92FD152D296EC63C00C8AE0E /* NavModal */,
				92FD152C296EC63100C8AE0E /* AuthModal */,
			);
			path = Modal;
			sourceTree = "<group>";
		};
		92D2D71D296C15EB008BA685 = {
			isa = PBXGroup;
			children = (
				92D2D728296C15EB008BA685 /* MyMedium */,
				92D2D727296C15EB008BA685 /* Products */,
			);
			sourceTree = "<group>";
		};
		92D2D727296C15EB008BA685 /* Products */ = {
			isa = PBXGroup;
			children = (
				92D2D726296C15EB008BA685 /* MyMedium.app */,
			);
			name = Products;
			sourceTree = "<group>";
		};
		92D2D728296C15EB008BA685 /* MyMedium */ = {
			isa = PBXGroup;
			children = (
				92FD1530296ECB9E00C8AE0E /* GlobalState */,
				92FD1522296EC3E700C8AE0E /* Networking */,
				92594905296D73280029B2C1 /* Modal */,
				92D2D73D296C1765008BA685 /* Helper */,
				92D2D738296C168D008BA685 /* Views */,
				92D2D737296C167E008BA685 /* App */,
				92D2D72D296C15ED008BA685 /* Assets.xcassets */,
				92D2D72F296C15ED008BA685 /* Preview Content */,
			);
			path = MyMedium;
			sourceTree = "<group>";
		};
		92D2D72F296C15ED008BA685 /* Preview Content */ = {
			isa = PBXGroup;
			children = (
				92D2D730296C15ED008BA685 /* Preview Assets.xcassets */,
			);
			path = "Preview Content";
			sourceTree = "<group>";
		};
		92D2D737296C167E008BA685 /* App */ = {
			isa = PBXGroup;
			children = (
				92D2D740296C1950008BA685 /* Screens */,
				92D2D729296C15EB008BA685 /* MyMediumApp.swift */,
				92D2D72B296C15EB008BA685 /* ContentView.swift */,
			);
			path = App;
			sourceTree = "<group>";
		};
		92D2D738296C168D008BA685 /* Views */ = {
			isa = PBXGroup;
			children = (
				92EBBBD729756184006E34EE /* ArticleViews */,
				92D2D739296C16B2008BA685 /* AppButton.swift */,
				92D2D73B296C1735008BA685 /* AppInputBox.swift */,
				92EBBBD329755DC3006E34EE /* AppNetworkImage.swift */,
				92EBBBD52975612E006E34EE /* ChipView.swift */,
			);
			path = Views;
			sourceTree = "<group>";
		};
		92D2D73D296C1765008BA685 /* Helper */ = {
			isa = PBXGroup;
			children = (
				92D2D73E296C1778008BA685 /* UIHelper.swift */,
				924B469C296D44050070AC14 /* PulsateCircle.swift */,
				92594908296D83300029B2C1 /* AppConst.swift */,
				92203B0D296E8F2C00A15F60 /* Helper.swift */,
			);
			path = Helper;
			sourceTree = "<group>";
		};
		92D2D740296C1950008BA685 /* Screens */ = {
			isa = PBXGroup;
			children = (
				92EBBBD029755777006E34EE /* App */,
				92594904296D6DA70029B2C1 /* CreateAccont */,
				92D2D741296C1967008BA685 /* Welcome */,
			);
			path = Screens;
			sourceTree = "<group>";
		};
		92D2D741296C1967008BA685 /* Welcome */ = {
			isa = PBXGroup;
			children = (
				92D2D742296C1980008BA685 /* WelcomeScreen.swift */,
			);
			path = Welcome;
			sourceTree = "<group>";
		};
		92EBBBCD2975511D006E34EE /* HomeScreen */ = {
			isa = PBXGroup;
			children = (
				92EBBBCE2975512D006E34EE /* HomeScreen.swift */,
			);
			path = HomeScreen;
			sourceTree = "<group>";
		};
		92EBBBD029755777006E34EE /* App */ = {
			isa = PBXGroup;
			children = (
				9205B2C52976C7F9004541EA /* CreateArticle */,
				9205B2C229769B09004541EA /* Profile */,
				9205B2C129769AE6004541EA /* TrandingArticle */,
				9205B2BE29768615004541EA /* Feeds */,
				92EBBBCD2975511D006E34EE /* HomeScreen */,
			);
			path = App;
			sourceTree = "<group>";
		};
		92EBBBD729756184006E34EE /* ArticleViews */ = {
			isa = PBXGroup;
			children = (
				92EBBBD82975619E006E34EE /* ArticleRow.swift */,
			);
			path = ArticleViews;
			sourceTree = "<group>";
		};
		92EBBBDA297561F1006E34EE /* ArticleServers */ = {
			isa = PBXGroup;
			children = (
				92EBBBDB29756CBE006E34EE /* ArticleApiEndpoint.swift */,
				92EBBBDD29756D32006E34EE /* ArticleServices.swift */,
			);
			path = ArticleServers;
			sourceTree = "<group>";
		};
		92EBBBDF29756DAD006E34EE /* ArticleModal */ = {
			isa = PBXGroup;
			children = (
				92EBBBE029756EB9006E34EE /* Articles.swift */,
			);
			path = ArticleModal;
			sourceTree = "<group>";
		};
		92FD1522296EC3E700C8AE0E /* Networking */ = {
			isa = PBXGroup;
			children = (
				92EBBBDA297561F1006E34EE /* ArticleServers */,
				92FD1525296EC43E00C8AE0E /* AuthServers */,
				92FD1523296EC41100C8AE0E /* ApiError.swift */,
				92FD152A296EC59400C8AE0E /* RestAPIClient.swift */,
			);
			path = Networking;
			sourceTree = "<group>";
		};
		92FD1525296EC43E00C8AE0E /* AuthServers */ = {
			isa = PBXGroup;
			children = (
				92FD1526296EC45000C8AE0E /* AuthApiEndpoint.swift */,
				92FD1528296EC47600C8AE0E /* AuthServices.swift */,
			);
			path = AuthServers;
			sourceTree = "<group>";
		};
		92FD152C296EC63100C8AE0E /* AuthModal */ = {
			isa = PBXGroup;
			children = (
				92FD152E296EC71C00C8AE0E /* AuthModal.swift */,
			);
			path = AuthModal;
			sourceTree = "<group>";
		};
		92FD152D296EC63C00C8AE0E /* NavModal */ = {
			isa = PBXGroup;
			children = (
				92594906296D733D0029B2C1 /* NavModal.swift */,
			);
			path = NavModal;
			sourceTree = "<group>";
		};
		92FD1530296ECB9E00C8AE0E /* GlobalState */ = {
			isa = PBXGroup;
			children = (
				92FD1531296ECBAE00C8AE0E /* AlertViewModel.swift */,
				92FD1536296ED6E000C8AE0E /* AuthViewModal.swift */,
			);
			path = GlobalState;
			sourceTree = "<group>";
		};
/* End PBXGroup section */

/* Begin PBXNativeTarget section */
		92D2D725296C15EB008BA685 /* MyMedium */ = {
			isa = PBXNativeTarget;
			buildConfigurationList = 92D2D734296C15ED008BA685 /* Build configuration list for PBXNativeTarget "MyMedium" */;
			buildPhases = (
				92D2D722296C15EB008BA685 /* Sources */,
				92D2D723296C15EB008BA685 /* Frameworks */,
				92D2D724296C15EB008BA685 /* Resources */,
			);
			buildRules = (
			);
			dependencies = (
			);
			name = MyMedium;
			packageProductDependencies = (
				92FD151E296EC1B400C8AE0E /* Alamofire */,
				92FD1534296ED1EC00C8AE0E /* AlertToast */,
				92611DA4297166F5009D8AA9 /* SwiftyJSON */,
			);
			productName = MyMedium;
			productReference = 92D2D726296C15EB008BA685 /* MyMedium.app */;
			productType = "com.apple.product-type.application";
		};
/* End PBXNativeTarget section */

/* Begin PBXProject section */
		92D2D71E296C15EB008BA685 /* Project object */ = {
			isa = PBXProject;
			attributes = {
				BuildIndependentTargetsInParallel = 1;
				LastSwiftUpdateCheck = 1410;
				LastUpgradeCheck = 1410;
				TargetAttributes = {
					92D2D725296C15EB008BA685 = {
						CreatedOnToolsVersion = 14.1;
					};
				};
			};
			buildConfigurationList = 92D2D721296C15EB008BA685 /* Build configuration list for PBXProject "MyMedium" */;
			compatibilityVersion = "Xcode 14.0";
			developmentRegion = en;
			hasScannedForEncodings = 0;
			knownRegions = (
				en,
				Base,
			);
			mainGroup = 92D2D71D296C15EB008BA685;
			packageReferences = (
				92FD151D296EC1B400C8AE0E /* XCRemoteSwiftPackageReference "Alamofire" */,
				92FD1533296ED1EC00C8AE0E /* XCRemoteSwiftPackageReference "AlertToast" */,
				92611DA3297166F5009D8AA9 /* XCRemoteSwiftPackageReference "SwiftyJSON" */,
			);
			productRefGroup = 92D2D727296C15EB008BA685 /* Products */;
			projectDirPath = "";
			projectRoot = "";
			targets = (
				92D2D725296C15EB008BA685 /* MyMedium */,
			);
		};
/* End PBXProject section */

/* Begin PBXResourcesBuildPhase section */
		92D2D724296C15EB008BA685 /* Resources */ = {
			isa = PBXResourcesBuildPhase;
			buildActionMask = 2147483647;
			files = (
				92D2D731296C15ED008BA685 /* Preview Assets.xcassets in Resources */,
				92D2D72E296C15ED008BA685 /* Assets.xcassets in Resources */,
			);
			runOnlyForDeploymentPostprocessing = 0;
		};
/* End PBXResourcesBuildPhase section */

/* Begin PBXSourcesBuildPhase section */
		92D2D722296C15EB008BA685 /* Sources */ = {
			isa = PBXSourcesBuildPhase;
			buildActionMask = 2147483647;
			files = (
				92FD1537296ED6E000C8AE0E /* AuthViewModal.swift in Sources */,
				92EBBBD429755DC3006E34EE /* AppNetworkImage.swift in Sources */,
				92203B0E296E8F2C00A15F60 /* Helper.swift in Sources */,
				92D2D743296C1980008BA685 /* WelcomeScreen.swift in Sources */,
				9205B2C72976C9A7004541EA /* CreateArticleScreen.swift in Sources */,
				92FD1527296EC45000C8AE0E /* AuthApiEndpoint.swift in Sources */,
				92D2D73A296C16B2008BA685 /* AppButton.swift in Sources */,
				92D2D72C296C15EB008BA685 /* ContentView.swift in Sources */,
				92D2D73C296C1735008BA685 /* AppInputBox.swift in Sources */,
				92FD152B296EC59400C8AE0E /* RestAPIClient.swift in Sources */,
				92FD1524296EC41100C8AE0E /* ApiError.swift in Sources */,
				92EBBBD92975619E006E34EE /* ArticleRow.swift in Sources */,
				92EBBBD62975612E006E34EE /* ChipView.swift in Sources */,
				92EBBBCF2975512D006E34EE /* HomeScreen.swift in Sources */,
				92D2D73F296C1778008BA685 /* UIHelper.swift in Sources */,
				92EBBBDE29756D32006E34EE /* ArticleServices.swift in Sources */,
				9205B2C429769B2A004541EA /* ProfileScreen.swift in Sources */,
				92FD152F296EC71C00C8AE0E /* AuthModal.swift in Sources */,
				92594903296D6DA20029B2C1 /* CreateAccountScreen.swift in Sources */,
				92FD1532296ECBAE00C8AE0E /* AlertViewModel.swift in Sources */,
				92FD1529296EC47600C8AE0E /* AuthServices.swift in Sources */,
				9205B2C029768F7A004541EA /* FeedScreen.swift in Sources */,
				92EBBBE129756EB9006E34EE /* Articles.swift in Sources */,
				92EBBBDC29756CBE006E34EE /* ArticleApiEndpoint.swift in Sources */,
				924B469D296D44050070AC14 /* PulsateCircle.swift in Sources */,
				92D2D72A296C15EB008BA685 /* MyMediumApp.swift in Sources */,
				92EBBBD2297557A3006E34EE /* TrandingArticleScreen.swift in Sources */,
				92594907296D733D0029B2C1 /* NavModal.swift in Sources */,
				92594909296D83300029B2C1 /* AppConst.swift in Sources */,
			);
			runOnlyForDeploymentPostprocessing = 0;
		};
/* End PBXSourcesBuildPhase section */

/* Begin XCBuildConfiguration section */
		92D2D732296C15ED008BA685 /* Debug */ = {
			isa = XCBuildConfiguration;
			buildSettings = {
				ALWAYS_SEARCH_USER_PATHS = NO;
				CLANG_ANALYZER_NONNULL = YES;
				CLANG_ANALYZER_NUMBER_OBJECT_CONVERSION = YES_AGGRESSIVE;
				CLANG_CXX_LANGUAGE_STANDARD = "gnu++20";
				CLANG_ENABLE_MODULES = YES;
				CLANG_ENABLE_OBJC_ARC = YES;
				CLANG_ENABLE_OBJC_WEAK = YES;
				CLANG_WARN_BLOCK_CAPTURE_AUTORELEASING = YES;
				CLANG_WARN_BOOL_CONVERSION = YES;
				CLANG_WARN_COMMA = YES;
				CLANG_WARN_CONSTANT_CONVERSION = YES;
				CLANG_WARN_DEPRECATED_OBJC_IMPLEMENTATIONS = YES;
				CLANG_WARN_DIRECT_OBJC_ISA_USAGE = YES_ERROR;
				CLANG_WARN_DOCUMENTATION_COMMENTS = YES;
				CLANG_WARN_EMPTY_BODY = YES;
				CLANG_WARN_ENUM_CONVERSION = YES;
				CLANG_WARN_INFINITE_RECURSION = YES;
				CLANG_WARN_INT_CONVERSION = YES;
				CLANG_WARN_NON_LITERAL_NULL_CONVERSION = YES;
				CLANG_WARN_OBJC_IMPLICIT_RETAIN_SELF = YES;
				CLANG_WARN_OBJC_LITERAL_CONVERSION = YES;
				CLANG_WARN_OBJC_ROOT_CLASS = YES_ERROR;
				CLANG_WARN_QUOTED_INCLUDE_IN_FRAMEWORK_HEADER = YES;
				CLANG_WARN_RANGE_LOOP_ANALYSIS = YES;
				CLANG_WARN_STRICT_PROTOTYPES = YES;
				CLANG_WARN_SUSPICIOUS_MOVE = YES;
				CLANG_WARN_UNGUARDED_AVAILABILITY = YES_AGGRESSIVE;
				CLANG_WARN_UNREACHABLE_CODE = YES;
				CLANG_WARN__DUPLICATE_METHOD_MATCH = YES;
				COPY_PHASE_STRIP = NO;
				DEBUG_INFORMATION_FORMAT = dwarf;
				ENABLE_STRICT_OBJC_MSGSEND = YES;
				ENABLE_TESTABILITY = YES;
				GCC_C_LANGUAGE_STANDARD = gnu11;
				GCC_DYNAMIC_NO_PIC = NO;
				GCC_NO_COMMON_BLOCKS = YES;
				GCC_OPTIMIZATION_LEVEL = 0;
				GCC_PREPROCESSOR_DEFINITIONS = (
					"DEBUG=1",
					"$(inherited)",
				);
				GCC_WARN_64_TO_32_BIT_CONVERSION = YES;
				GCC_WARN_ABOUT_RETURN_TYPE = YES_ERROR;
				GCC_WARN_UNDECLARED_SELECTOR = YES;
				GCC_WARN_UNINITIALIZED_AUTOS = YES_AGGRESSIVE;
				GCC_WARN_UNUSED_FUNCTION = YES;
				GCC_WARN_UNUSED_VARIABLE = YES;
				IPHONEOS_DEPLOYMENT_TARGET = 16.1;
				MTL_ENABLE_DEBUG_INFO = INCLUDE_SOURCE;
				MTL_FAST_MATH = YES;
				ONLY_ACTIVE_ARCH = YES;
				SDKROOT = iphoneos;
				SWIFT_ACTIVE_COMPILATION_CONDITIONS = DEBUG;
				SWIFT_OPTIMIZATION_LEVEL = "-Onone";
			};
			name = Debug;
		};
		92D2D733296C15ED008BA685 /* Release */ = {
			isa = XCBuildConfiguration;
			buildSettings = {
				ALWAYS_SEARCH_USER_PATHS = NO;
				CLANG_ANALYZER_NONNULL = YES;
				CLANG_ANALYZER_NUMBER_OBJECT_CONVERSION = YES_AGGRESSIVE;
				CLANG_CXX_LANGUAGE_STANDARD = "gnu++20";
				CLANG_ENABLE_MODULES = YES;
				CLANG_ENABLE_OBJC_ARC = YES;
				CLANG_ENABLE_OBJC_WEAK = YES;
				CLANG_WARN_BLOCK_CAPTURE_AUTORELEASING = YES;
				CLANG_WARN_BOOL_CONVERSION = YES;
				CLANG_WARN_COMMA = YES;
				CLANG_WARN_CONSTANT_CONVERSION = YES;
				CLANG_WARN_DEPRECATED_OBJC_IMPLEMENTATIONS = YES;
				CLANG_WARN_DIRECT_OBJC_ISA_USAGE = YES_ERROR;
				CLANG_WARN_DOCUMENTATION_COMMENTS = YES;
				CLANG_WARN_EMPTY_BODY = YES;
				CLANG_WARN_ENUM_CONVERSION = YES;
				CLANG_WARN_INFINITE_RECURSION = YES;
				CLANG_WARN_INT_CONVERSION = YES;
				CLANG_WARN_NON_LITERAL_NULL_CONVERSION = YES;
				CLANG_WARN_OBJC_IMPLICIT_RETAIN_SELF = YES;
				CLANG_WARN_OBJC_LITERAL_CONVERSION = YES;
				CLANG_WARN_OBJC_ROOT_CLASS = YES_ERROR;
				CLANG_WARN_QUOTED_INCLUDE_IN_FRAMEWORK_HEADER = YES;
				CLANG_WARN_RANGE_LOOP_ANALYSIS = YES;
				CLANG_WARN_STRICT_PROTOTYPES = YES;
				CLANG_WARN_SUSPICIOUS_MOVE = YES;
				CLANG_WARN_UNGUARDED_AVAILABILITY = YES_AGGRESSIVE;
				CLANG_WARN_UNREACHABLE_CODE = YES;
				CLANG_WARN__DUPLICATE_METHOD_MATCH = YES;
				COPY_PHASE_STRIP = NO;
				DEBUG_INFORMATION_FORMAT = "dwarf-with-dsym";
				ENABLE_NS_ASSERTIONS = NO;
				ENABLE_STRICT_OBJC_MSGSEND = YES;
				GCC_C_LANGUAGE_STANDARD = gnu11;
				GCC_NO_COMMON_BLOCKS = YES;
				GCC_WARN_64_TO_32_BIT_CONVERSION = YES;
				GCC_WARN_ABOUT_RETURN_TYPE = YES_ERROR;
				GCC_WARN_UNDECLARED_SELECTOR = YES;
				GCC_WARN_UNINITIALIZED_AUTOS = YES_AGGRESSIVE;
				GCC_WARN_UNUSED_FUNCTION = YES;
				GCC_WARN_UNUSED_VARIABLE = YES;
				IPHONEOS_DEPLOYMENT_TARGET = 16.1;
				MTL_ENABLE_DEBUG_INFO = NO;
				MTL_FAST_MATH = YES;
				SDKROOT = iphoneos;
				SWIFT_COMPILATION_MODE = wholemodule;
				SWIFT_OPTIMIZATION_LEVEL = "-O";
				VALIDATE_PRODUCT = YES;
			};
			name = Release;
		};
		92D2D735296C15ED008BA685 /* Debug */ = {
			isa = XCBuildConfiguration;
			buildSettings = {
				ASSETCATALOG_COMPILER_APPICON_NAME = AppIcon;
				ASSETCATALOG_COMPILER_GLOBAL_ACCENT_COLOR_NAME = AccentColor;
				CODE_SIGN_STYLE = Automatic;
				CURRENT_PROJECT_VERSION = 1;
				DEVELOPMENT_ASSET_PATHS = "\"MyMedium/Preview Content\"";
				ENABLE_PREVIEWS = YES;
				GENERATE_INFOPLIST_FILE = YES;
				INFOPLIST_KEY_UIApplicationSceneManifest_Generation = YES;
				INFOPLIST_KEY_UIApplicationSupportsIndirectInputEvents = YES;
				INFOPLIST_KEY_UILaunchScreen_Generation = YES;
				INFOPLIST_KEY_UISupportedInterfaceOrientations_iPad = "UIInterfaceOrientationPortrait UIInterfaceOrientationPortraitUpsideDown UIInterfaceOrientationLandscapeLeft UIInterfaceOrientationLandscapeRight";
				INFOPLIST_KEY_UISupportedInterfaceOrientations_iPhone = "UIInterfaceOrientationPortrait UIInterfaceOrientationLandscapeLeft UIInterfaceOrientationLandscapeRight";
				LD_RUNPATH_SEARCH_PATHS = (
					"$(inherited)",
					"@executable_path/Frameworks",
				);
				MARKETING_VERSION = 1.0;
				PRODUCT_BUNDLE_IDENTIFIER = com.girish.MyMedium;
				PRODUCT_NAME = "$(TARGET_NAME)";
				SWIFT_EMIT_LOC_STRINGS = YES;
				SWIFT_VERSION = 5.0;
				TARGETED_DEVICE_FAMILY = "1,2";
			};
			name = Debug;
		};
		92D2D736296C15ED008BA685 /* Release */ = {
			isa = XCBuildConfiguration;
			buildSettings = {
				ASSETCATALOG_COMPILER_APPICON_NAME = AppIcon;
				ASSETCATALOG_COMPILER_GLOBAL_ACCENT_COLOR_NAME = AccentColor;
				CODE_SIGN_STYLE = Automatic;
				CURRENT_PROJECT_VERSION = 1;
				DEVELOPMENT_ASSET_PATHS = "\"MyMedium/Preview Content\"";
				ENABLE_PREVIEWS = YES;
				GENERATE_INFOPLIST_FILE = YES;
				INFOPLIST_KEY_UIApplicationSceneManifest_Generation = YES;
				INFOPLIST_KEY_UIApplicationSupportsIndirectInputEvents = YES;
				INFOPLIST_KEY_UILaunchScreen_Generation = YES;
				INFOPLIST_KEY_UISupportedInterfaceOrientations_iPad = "UIInterfaceOrientationPortrait UIInterfaceOrientationPortraitUpsideDown UIInterfaceOrientationLandscapeLeft UIInterfaceOrientationLandscapeRight";
				INFOPLIST_KEY_UISupportedInterfaceOrientations_iPhone = "UIInterfaceOrientationPortrait UIInterfaceOrientationLandscapeLeft UIInterfaceOrientationLandscapeRight";
				LD_RUNPATH_SEARCH_PATHS = (
					"$(inherited)",
					"@executable_path/Frameworks",
				);
				MARKETING_VERSION = 1.0;
				PRODUCT_BUNDLE_IDENTIFIER = com.girish.MyMedium;
				PRODUCT_NAME = "$(TARGET_NAME)";
				SWIFT_EMIT_LOC_STRINGS = YES;
				SWIFT_VERSION = 5.0;
				TARGETED_DEVICE_FAMILY = "1,2";
			};
			name = Release;
		};
/* End XCBuildConfiguration section */

/* Begin XCConfigurationList section */
		92D2D721296C15EB008BA685 /* Build configuration list for PBXProject "MyMedium" */ = {
			isa = XCConfigurationList;
			buildConfigurations = (
				92D2D732296C15ED008BA685 /* Debug */,
				92D2D733296C15ED008BA685 /* Release */,
			);
			defaultConfigurationIsVisible = 0;
			defaultConfigurationName = Release;
		};
		92D2D734296C15ED008BA685 /* Build configuration list for PBXNativeTarget "MyMedium" */ = {
			isa = XCConfigurationList;
			buildConfigurations = (
				92D2D735296C15ED008BA685 /* Debug */,
				92D2D736296C15ED008BA685 /* Release */,
			);
			defaultConfigurationIsVisible = 0;
			defaultConfigurationName = Release;
		};
/* End XCConfigurationList section */

/* Begin XCRemoteSwiftPackageReference section */
		92611DA3297166F5009D8AA9 /* XCRemoteSwiftPackageReference "SwiftyJSON" */ = {
			isa = XCRemoteSwiftPackageReference;
			repositoryURL = "https://github.com/SwiftyJSON/SwiftyJSON.git";
			requirement = {
				kind = upToNextMajorVersion;
				minimumVersion = 5.0.0;
			};
		};
		92FD151D296EC1B400C8AE0E /* XCRemoteSwiftPackageReference "Alamofire" */ = {
			isa = XCRemoteSwiftPackageReference;
			repositoryURL = "https://github.com/Alamofire/Alamofire.git";
			requirement = {
				kind = upToNextMajorVersion;
				minimumVersion = 5.0.0;
			};
		};
		92FD1533296ED1EC00C8AE0E /* XCRemoteSwiftPackageReference "AlertToast" */ = {
			isa = XCRemoteSwiftPackageReference;
			repositoryURL = "https://github.com/elai950/AlertToast.git";
			requirement = {
				kind = upToNextMajorVersion;
				minimumVersion = 1.0.0;
			};
		};
/* End XCRemoteSwiftPackageReference section */

/* Begin XCSwiftPackageProductDependency section */
		92611DA4297166F5009D8AA9 /* SwiftyJSON */ = {
			isa = XCSwiftPackageProductDependency;
			package = 92611DA3297166F5009D8AA9 /* XCRemoteSwiftPackageReference "SwiftyJSON" */;
			productName = SwiftyJSON;
		};
		92FD151E296EC1B400C8AE0E /* Alamofire */ = {
			isa = XCSwiftPackageProductDependency;
			package = 92FD151D296EC1B400C8AE0E /* XCRemoteSwiftPackageReference "Alamofire" */;
			productName = Alamofire;
		};
		92FD1534296ED1EC00C8AE0E /* AlertToast */ = {
			isa = XCSwiftPackageProductDependency;
			package = 92FD1533296ED1EC00C8AE0E /* XCRemoteSwiftPackageReference "AlertToast" */;
			productName = AlertToast;
		};
/* End XCSwiftPackageProductDependency section */
	};
	rootObject = 92D2D71E296C15EB008BA685 /* Project object */;
}
